
Microsoft Visual Studio Solution File, Format Version 12.00
# Visual Studio Version 17
VisualStudioVersion = 17.5.33424.131
MinimumVisualStudioVersion = 10.0.40219.1
Project("{9A19103F-16F7-4668-BE54-9A1E7A4F7556}") = "FirstWebApplication", "FirstWebApplication\FirstWebApplication.csproj", "{5334475B-256F-4019-8A80-5C2FF90CD183}"
EndProject
Project("{9A19103F-16F7-4668-BE54-9A1E7A4F7556}") = "FirstWebApplication.IntegrationTests", "FirstWebApplication.IntegrationTests\FirstWebApplication.IntegrationTests.csproj", "{D34EDAE9-3F67-4E61-BCF4-6B01133485CE}"
EndProject
Project("{FAE04EC0-301F-11D3-BF4B-00C04F79EFBC}") = "FirstWebApplication.UnitTests", "FirstWebApplication.UnitTests\FirstWebApplication.UnitTests.csproj", "{4578E1AD-C97F-47B3-8071-FF6352E3BF32}"
EndProject
Global
	GlobalSection(SolutionConfigurationPlatforms) = preSolution
		Debug|Any CPU = Debug|Any CPU
		Release|Any CPU = Release|Any CPU
	EndGlobalSection
	GlobalSection(ProjectConfigurationPlatforms) = postSolution
		{5334475B-256F-4019-8A80-5C2FF90CD183}.Debug|Any CPU.ActiveCfg = Debug|Any CPU
		{5334475B-256F-4019-8A80-5C2FF90CD183}.Debug|Any CPU.Build.0 = Debug|Any CPU
		{5334475B-256F-4019-8A80-5C2FF90CD183}.Release|Any CPU.ActiveCfg = Release|Any CPU
		{5334475B-256F-4019-8A80-5C2FF90CD183}.Release|Any CPU.Build.0 = Release|Any CPU
		{D34EDAE9-3F67-4E61-BCF4-6B01133485CE}.Debug|Any CPU.ActiveCfg = Debug|Any CPU
		{D34EDAE9-3F67-4E61-BCF4-6B01133485CE}.Debug|Any CPU.Build.0 = Debug|Any CPU
		{D34EDAE9-3F67-4E61-BCF4-6B01133485CE}.Release|Any CPU.ActiveCfg = Release|Any CPU
		{D34EDAE9-3F67-4E61-BCF4-6B01133485CE}.Release|Any CPU.Build.0 = Release|Any CPU
		{4578E1AD-C97F-47B3-8071-FF6352E3BF32}.Debug|Any CPU.ActiveCfg = Debug|Any CPU
		{4578E1AD-C97F-47B3-8071-FF6352E3BF32}.Debug|Any CPU.Build.0 = Debug|Any CPU
		{4578E1AD-C97F-47B3-8071-FF6352E3BF32}.Release|Any CPU.ActiveCfg = Release|Any CPU
		{4578E1AD-C97F-47B3-8071-FF6352E3BF32}.Release|Any CPU.Build.0 = Release|Any CPU
	EndGlobalSection
	GlobalSection(SolutionProperties) = preSolution
		HideSolutionNode = FALSE
	EndGlobalSection
	GlobalSection(ExtensibilityGlobals) = postSolution
		SolutionGuid = {9292BDFF-86FE-4309-BB22-2664A89F51A7}
	EndGlobalSection
EndGlobal
